
Microsoft Visual Studio Solution File, Format Version 12.00
# Visual Studio Version 17
VisualStudioVersion = 17.14.36414.22
MinimumVisualStudioVersion = 10.0.40219.1
Project("{FAE04EC0-301F-11D3-BF4B-00C04F79EFBC}") = "Quiz", "Quiz\Quiz.csproj", "{94C8779A-0190-4246-A188-7EFEBBB69AFA}"
EndProject
Global
	GlobalSection(SolutionConfigurationPlatforms) = preSolution
		Debug|Any CPU = Debug|Any CPU
		Release|Any CPU = Release|Any CPU
	EndGlobalSection
	GlobalSection(ProjectConfigurationPlatforms) = postSolution
		{94C8779A-0190-4246-A188-7EFEBBB69AFA}.Debug|Any CPU.ActiveCfg = Debug|Any CPU
		{94C8779A-0190-4246-A188-7EFEBBB69AFA}.Debug|Any CPU.Build.0 = Debug|Any CPU
		{94C8779A-0190-4246-A188-7EFEBBB69AFA}.Debug|Any CPU.Deploy.0 = Debug|Any CPU
		{94C8779A-0190-4246-A188-7EFEBBB69AFA}.Release|Any CPU.ActiveCfg = Release|Any CPU
		{94C8779A-0190-4246-A188-7EFEBBB69AFA}.Release|Any CPU.Build.0 = Release|Any CPU
	EndGlobalSection
	GlobalSection(SolutionProperties) = preSolution
		HideSolutionNode = FALSE
	EndGlobalSection
	GlobalSection(ExtensibilityGlobals) = postSolution
		SolutionGuid = {293A872F-A62D-4511-A054-5823A647EA43}
	EndGlobalSection
EndGlobal
